
Microsoft Visual Studio Solution File, Format Version 12.00
# Visual Studio Version 16
VisualStudioVersion = 16.0.32106.194
MinimumVisualStudioVersion = 10.0.40219.1
Project("{FAE04EC0-301F-11D3-BF4B-00C04F79EFBC}") = "InventoryManagement", "InventoryManagement.csproj", "{EC922AAA-C971-41C6-98B4-3DB410319C3F}"
EndProject
Global
	GlobalSection(SolutionConfigurationPlatforms) = preSolution
		Debug|Any CPU = Debug|Any CPU
		ExportDebug|Any CPU = ExportDebug|Any CPU
		ExportRelease|Any CPU = ExportRelease|Any CPU
	EndGlobalSection
	GlobalSection(ProjectConfigurationPlatforms) = postSolution
		{EC922AAA-C971-41C6-98B4-3DB410319C3F}.Debug|Any CPU.ActiveCfg = Debug|Any CPU
		{EC922AAA-C971-41C6-98B4-3DB410319C3F}.Debug|Any CPU.Build.0 = Debug|Any CPU
		{EC922AAA-C971-41C6-98B4-3DB410319C3F}.ExportDebug|Any CPU.ActiveCfg = ExportDebug|Any CPU
		{EC922AAA-C971-41C6-98B4-3DB410319C3F}.ExportDebug|Any CPU.Build.0 = ExportDebug|Any CPU
		{EC922AAA-C971-41C6-98B4-3DB410319C3F}.ExportRelease|Any CPU.ActiveCfg = ExportRelease|Any CPU
		{EC922AAA-C971-41C6-98B4-3DB410319C3F}.ExportRelease|Any CPU.Build.0 = ExportRelease|Any CPU
	EndGlobalSection
	GlobalSection(SolutionProperties) = preSolution
		HideSolutionNode = FALSE
	EndGlobalSection
	GlobalSection(ExtensibilityGlobals) = postSolution
		SolutionGuid = {ED3E0C89-E969-4306-BC8E-3824CFD87674}
	EndGlobalSection
EndGlobal
